// !$*UTF8*$!
{
	archiveVersion = 1;
	classes = {
	};
	objectVersion = 55;
	objects = {

/* Begin PBXBuildFile section */
		2D53D3C128AD3DD0003E338B /* main.cpp in Sources */ = {isa = PBXBuildFile; fileRef = 2D53D3C028AD3DD0003E338B /* main.cpp */; };
		2D53D3C928AD409B003E338B /* libsfml-system.2.5.1.dylib in Frameworks */ = {isa = PBXBuildFile; fileRef = 2D53D3C828AD409B003E338B /* libsfml-system.2.5.1.dylib */; };
		2D53D3CB28AD40AD003E338B /* libsfml-graphics.2.5.1.dylib in Frameworks */ = {isa = PBXBuildFile; fileRef = 2D53D3CA28AD40AD003E338B /* libsfml-graphics.2.5.1.dylib */; };
		2D53D3CD28AD40C7003E338B /* libsfml-audio.2.5.1.dylib in Frameworks */ = {isa = PBXBuildFile; fileRef = 2D53D3CC28AD40C7003E338B /* libsfml-audio.2.5.1.dylib */; };
		2D53D3D028AD4110003E338B /* libsfml-window.2.5.1.dylib in Frameworks */ = {isa = PBXBuildFile; fileRef = 2D53D3CE28AD4110003E338B /* libsfml-window.2.5.1.dylib */; };
		2D53D3D128AD4110003E338B /* libsfml-network.2.5.1.dylib in Frameworks */ = {isa = PBXBuildFile; fileRef = 2D53D3CF28AD4110003E338B /* libsfml-network.2.5.1.dylib */; };
		2D53D3D428AD44AB003E338B /* Map.cpp in Sources */ = {isa = PBXBuildFile; fileRef = 2D53D3D228AD44AB003E338B /* Map.cpp */; };
		2D53D3D728AD4BB6003E338B /* Unit.cpp in Sources */ = {isa = PBXBuildFile; fileRef = 2D53D3D528AD4BB6003E338B /* Unit.cpp */; };
		2D53D3DA28AD4C5F003E338B /* stdafx.cpp in Sources */ = {isa = PBXBuildFile; fileRef = 2D53D3D828AD4C5F003E338B /* stdafx.cpp */; };
		93F0F61628AFD39D00826E99 /* libsfml-graphics.2.5.1.dylib in Embed Libraries */ = {isa = PBXBuildFile; fileRef = 2D53D3CA28AD40AD003E338B /* libsfml-graphics.2.5.1.dylib */; };
		93F0F61828AFD39F00826E99 /* libsfml-audio.2.5.1.dylib in Embed Libraries */ = {isa = PBXBuildFile; fileRef = 2D53D3CC28AD40C7003E338B /* libsfml-audio.2.5.1.dylib */; };
		93F0F61928AFD3A000826E99 /* libsfml-network.2.5.1.dylib in Embed Libraries */ = {isa = PBXBuildFile; fileRef = 2D53D3CF28AD4110003E338B /* libsfml-network.2.5.1.dylib */; };
		93F0F61A28AFD3A200826E99 /* libsfml-system.2.5.1.dylib in Embed Libraries */ = {isa = PBXBuildFile; fileRef = 2D53D3C828AD409B003E338B /* libsfml-system.2.5.1.dylib */; };
		93F0F61B28AFD3A500826E99 /* libsfml-window.2.5.1.dylib in Embed Libraries */ = {isa = PBXBuildFile; fileRef = 2D53D3CE28AD4110003E338B /* libsfml-window.2.5.1.dylib */; };
/* End PBXBuildFile section */

/* Begin PBXCopyFilesBuildPhase section */
		2D53D3BB28AD3DD0003E338B /* CopyFiles */ = {
			isa = PBXCopyFilesBuildPhase;
			buildActionMask = 2147483647;
			dstPath = /usr/share/man/man1/;
			dstSubfolderSpec = 0;
			files = (
			);
			runOnlyForDeploymentPostprocessing = 1;
		};
		93F0F61728AFD39D00826E99 /* Embed Libraries */ = {
			isa = PBXCopyFilesBuildPhase;
			buildActionMask = 2147483647;
			dstPath = "";
			dstSubfolderSpec = 10;
			files = (
				93F0F61928AFD3A000826E99 /* libsfml-network.2.5.1.dylib in Embed Libraries */,
				93F0F61A28AFD3A200826E99 /* libsfml-system.2.5.1.dylib in Embed Libraries */,
				93F0F61B28AFD3A500826E99 /* libsfml-window.2.5.1.dylib in Embed Libraries */,
				93F0F61628AFD39D00826E99 /* libsfml-graphics.2.5.1.dylib in Embed Libraries */,
				93F0F61828AFD39F00826E99 /* libsfml-audio.2.5.1.dylib in Embed Libraries */,
			);
			name = "Embed Libraries";
			runOnlyForDeploymentPostprocessing = 0;
		};
/* End PBXCopyFilesBuildPhase section */

/* Begin PBXFileReference section */
		2D53D3BD28AD3DD0003E338B /* A-Star-Pathfinding */ = {isa = PBXFileReference; explicitFileType = "compiled.mach-o.executable"; includeInIndex = 0; path = "A-Star-Pathfinding"; sourceTree = BUILT_PRODUCTS_DIR; };
		2D53D3C028AD3DD0003E338B /* main.cpp */ = {isa = PBXFileReference; lastKnownFileType = sourcecode.cpp.cpp; path = main.cpp; sourceTree = "<group>"; };
		2D53D3C828AD409B003E338B /* libsfml-system.2.5.1.dylib */ = {isa = PBXFileReference; lastKnownFileType = "compiled.mach-o.dylib"; name = "libsfml-system.2.5.1.dylib"; path = "sfml/2.5.1_1/lib/libsfml-system.2.5.1.dylib"; sourceTree = "<group>"; };
		2D53D3CA28AD40AD003E338B /* libsfml-graphics.2.5.1.dylib */ = {isa = PBXFileReference; lastKnownFileType = "compiled.mach-o.dylib"; name = "libsfml-graphics.2.5.1.dylib"; path = "sfml/2.5.1_1/lib/libsfml-graphics.2.5.1.dylib"; sourceTree = "<group>"; };
		2D53D3CC28AD40C7003E338B /* libsfml-audio.2.5.1.dylib */ = {isa = PBXFileReference; lastKnownFileType = "compiled.mach-o.dylib"; name = "libsfml-audio.2.5.1.dylib"; path = "sfml/2.5.1_1/lib/libsfml-audio.2.5.1.dylib"; sourceTree = "<group>"; };
		2D53D3CE28AD4110003E338B /* libsfml-window.2.5.1.dylib */ = {isa = PBXFileReference; lastKnownFileType = "compiled.mach-o.dylib"; name = "libsfml-window.2.5.1.dylib"; path = "sfml/2.5.1_1/lib/libsfml-window.2.5.1.dylib"; sourceTree = "<group>"; };
		2D53D3CF28AD4110003E338B /* libsfml-network.2.5.1.dylib */ = {isa = PBXFileReference; lastKnownFileType = "compiled.mach-o.dylib"; name = "libsfml-network.2.5.1.dylib"; path = "sfml/2.5.1_1/lib/libsfml-network.2.5.1.dylib"; sourceTree = "<group>"; };
		2D53D3D228AD44AB003E338B /* Map.cpp */ = {isa = PBXFileReference; lastKnownFileType = sourcecode.cpp.cpp; path = Map.cpp; sourceTree = "<group>"; };
		2D53D3D328AD44AB003E338B /* Map.hpp */ = {isa = PBXFileReference; lastKnownFileType = sourcecode.cpp.h; path = Map.hpp; sourceTree = "<group>"; };
		2D53D3D528AD4BB6003E338B /* Unit.cpp */ = {isa = PBXFileReference; lastKnownFileType = sourcecode.cpp.cpp; path = Unit.cpp; sourceTree = "<group>"; };
		2D53D3D628AD4BB6003E338B /* Unit.hpp */ = {isa = PBXFileReference; lastKnownFileType = sourcecode.cpp.h; path = Unit.hpp; sourceTree = "<group>"; };
		2D53D3D828AD4C5F003E338B /* stdafx.cpp */ = {isa = PBXFileReference; lastKnownFileType = sourcecode.cpp.cpp; path = stdafx.cpp; sourceTree = "<group>"; };
		2D53D3D928AD4C5F003E338B /* stdafx.hpp */ = {isa = PBXFileReference; lastKnownFileType = sourcecode.cpp.h; path = stdafx.hpp; sourceTree = "<group>"; };
/* End PBXFileReference section */

/* Begin PBXFrameworksBuildPhase section */
		2D53D3BA28AD3DD0003E338B /* Frameworks */ = {
			isa = PBXFrameworksBuildPhase;
			buildActionMask = 2147483647;
			files = (
				2D53D3D028AD4110003E338B /* libsfml-window.2.5.1.dylib in Frameworks */,
				2D53D3D128AD4110003E338B /* libsfml-network.2.5.1.dylib in Frameworks */,
				2D53D3CD28AD40C7003E338B /* libsfml-audio.2.5.1.dylib in Frameworks */,
				2D53D3CB28AD40AD003E338B /* libsfml-graphics.2.5.1.dylib in Frameworks */,
				2D53D3C928AD409B003E338B /* libsfml-system.2.5.1.dylib in Frameworks */,
			);
			runOnlyForDeploymentPostprocessing = 0;
		};
/* End PBXFrameworksBuildPhase section */

/* Begin PBXGroup section */
		2D53D3B428AD3DD0003E338B = {
			isa = PBXGroup;
			children = (
				2D53D3BF28AD3DD0003E338B /* A-Star-Pathfinding */,
				2D53D3BE28AD3DD0003E338B /* Products */,
				2D53D3C728AD409B003E338B /* Frameworks */,
			);
			sourceTree = "<group>";
		};
		2D53D3BE28AD3DD0003E338B /* Products */ = {
			isa = PBXGroup;
			children = (
				2D53D3BD28AD3DD0003E338B /* A-Star-Pathfinding */,
			);
			name = Products;
			sourceTree = "<group>";
		};
		2D53D3BF28AD3DD0003E338B /* A-Star-Pathfinding */ = {
			isa = PBXGroup;
			children = (
				2D53D3C028AD3DD0003E338B /* main.cpp */,
				2D53D3D228AD44AB003E338B /* Map.cpp */,
				2D53D3D328AD44AB003E338B /* Map.hpp */,
				2D53D3D528AD4BB6003E338B /* Unit.cpp */,
				2D53D3D628AD4BB6003E338B /* Unit.hpp */,
				2D53D3D828AD4C5F003E338B /* stdafx.cpp */,
				2D53D3D928AD4C5F003E338B /* stdafx.hpp */,
			);
			path = "A-Star-Pathfinding";
			sourceTree = "<group>";
		};
		2D53D3C728AD409B003E338B /* Frameworks */ = {
			isa = PBXGroup;
			children = (
				2D53D3CF28AD4110003E338B /* libsfml-network.2.5.1.dylib */,
				2D53D3CE28AD4110003E338B /* libsfml-window.2.5.1.dylib */,
				2D53D3CC28AD40C7003E338B /* libsfml-audio.2.5.1.dylib */,
				2D53D3CA28AD40AD003E338B /* libsfml-graphics.2.5.1.dylib */,
				2D53D3C828AD409B003E338B /* libsfml-system.2.5.1.dylib */,
			);
			name = Frameworks;
			sourceTree = "<group>";
		};
/* End PBXGroup section */

/* Begin PBXNativeTarget section */
		2D53D3BC28AD3DD0003E338B /* A-Star-Pathfinding */ = {
			isa = PBXNativeTarget;
			buildConfigurationList = 2D53D3C428AD3DD0003E338B /* Build configuration list for PBXNativeTarget "A-Star-Pathfinding" */;
			buildPhases = (
				2D53D3B928AD3DD0003E338B /* Sources */,
				2D53D3BA28AD3DD0003E338B /* Frameworks */,
				2D53D3BB28AD3DD0003E338B /* CopyFiles */,
				93F0F61728AFD39D00826E99 /* Embed Libraries */,
			);
			buildRules = (
			);
			dependencies = (
			);
			name = "A-Star-Pathfinding";
			productName = "A-Star-Pathfinding";
			productReference = 2D53D3BD28AD3DD0003E338B /* A-Star-Pathfinding */;
			productType = "com.apple.product-type.tool";
		};
/* End PBXNativeTarget section */

/* Begin PBXProject section */
		2D53D3B528AD3DD0003E338B /* Project object */ = {
			isa = PBXProject;
			attributes = {
				BuildIndependentTargetsInParallel = 1;
				LastUpgradeCheck = 1340;
				TargetAttributes = {
					2D53D3BC28AD3DD0003E338B = {
						CreatedOnToolsVersion = 13.4.1;
					};
				};
			};
			buildConfigurationList = 2D53D3B828AD3DD0003E338B /* Build configuration list for PBXProject "A-Star-Pathfinding" */;
			compatibilityVersion = "Xcode 13.0";
			developmentRegion = en;
			hasScannedForEncodings = 0;
			knownRegions = (
				en,
				Base,
			);
			mainGroup = 2D53D3B428AD3DD0003E338B;
			productRefGroup = 2D53D3BE28AD3DD0003E338B /* Products */;
			projectDirPath = "";
			projectRoot = "";
			targets = (
				2D53D3BC28AD3DD0003E338B /* A-Star-Pathfinding */,
			);
		};
/* End PBXProject section */

/* Begin PBXSourcesBuildPhase section */
		2D53D3B928AD3DD0003E338B /* Sources */ = {
			isa = PBXSourcesBuildPhase;
			buildActionMask = 2147483647;
			files = (
				2D53D3D728AD4BB6003E338B /* Unit.cpp in Sources */,
				2D53D3DA28AD4C5F003E338B /* stdafx.cpp in Sources */,
				2D53D3D428AD44AB003E338B /* Map.cpp in Sources */,
				2D53D3C128AD3DD0003E338B /* main.cpp in Sources */,
			);
			runOnlyForDeploymentPostprocessing = 0;
		};
/* End PBXSourcesBuildPhase section */

/* Begin XCBuildConfiguration section */
		2D53D3C228AD3DD0003E338B /* Debug */ = {
			isa = XCBuildConfiguration;
			buildSettings = {
				ALWAYS_SEARCH_USER_PATHS = NO;
				CLANG_ANALYZER_NONNULL = YES;
				CLANG_ANALYZER_NUMBER_OBJECT_CONVERSION = YES_AGGRESSIVE;
				CLANG_CXX_LANGUAGE_STANDARD = "gnu++17";
				CLANG_ENABLE_MODULES = YES;
				CLANG_ENABLE_OBJC_ARC = YES;
				CLANG_ENABLE_OBJC_WEAK = YES;
				CLANG_WARN_BLOCK_CAPTURE_AUTORELEASING = YES;
				CLANG_WARN_BOOL_CONVERSION = YES;
				CLANG_WARN_COMMA = YES;
				CLANG_WARN_CONSTANT_CONVERSION = YES;
				CLANG_WARN_DEPRECATED_OBJC_IMPLEMENTATIONS = YES;
				CLANG_WARN_DIRECT_OBJC_ISA_USAGE = YES_ERROR;
				CLANG_WARN_DOCUMENTATION_COMMENTS = YES;
				CLANG_WARN_EMPTY_BODY = YES;
				CLANG_WARN_ENUM_CONVERSION = YES;
				CLANG_WARN_INFINITE_RECURSION = YES;
				CLANG_WARN_INT_CONVERSION = YES;
				CLANG_WARN_NON_LITERAL_NULL_CONVERSION = YES;
				CLANG_WARN_OBJC_IMPLICIT_RETAIN_SELF = YES;
				CLANG_WARN_OBJC_LITERAL_CONVERSION = YES;
				CLANG_WARN_OBJC_ROOT_CLASS = YES_ERROR;
				CLANG_WARN_QUOTED_INCLUDE_IN_FRAMEWORK_HEADER = YES;
				CLANG_WARN_RANGE_LOOP_ANALYSIS = YES;
				CLANG_WARN_STRICT_PROTOTYPES = YES;
				CLANG_WARN_SUSPICIOUS_MOVE = YES;
				CLANG_WARN_UNGUARDED_AVAILABILITY = YES_AGGRESSIVE;
				CLANG_WARN_UNREACHABLE_CODE = YES;
				CLANG_WARN__DUPLICATE_METHOD_MATCH = YES;
				COPY_PHASE_STRIP = NO;
				DEBUG_INFORMATION_FORMAT = dwarf;
				ENABLE_STRICT_OBJC_MSGSEND = YES;
				ENABLE_TESTABILITY = YES;
				GCC_C_LANGUAGE_STANDARD = gnu11;
				GCC_DYNAMIC_NO_PIC = NO;
				GCC_NO_COMMON_BLOCKS = YES;
				GCC_OPTIMIZATION_LEVEL = 0;
				GCC_PREPROCESSOR_DEFINITIONS = (
					"DEBUG=1",
					"$(inherited)",
				);
				GCC_WARN_64_TO_32_BIT_CONVERSION = YES;
				GCC_WARN_ABOUT_RETURN_TYPE = YES_ERROR;
				GCC_WARN_UNDECLARED_SELECTOR = YES;
				GCC_WARN_UNINITIALIZED_AUTOS = YES_AGGRESSIVE;
				GCC_WARN_UNUSED_FUNCTION = YES;
				GCC_WARN_UNUSED_VARIABLE = YES;
				MACOSX_DEPLOYMENT_TARGET = 12.3;
				MTL_ENABLE_DEBUG_INFO = INCLUDE_SOURCE;
				MTL_FAST_MATH = YES;
				ONLY_ACTIVE_ARCH = YES;
				SDKROOT = macosx;
			};
			name = Debug;
		};
		2D53D3C328AD3DD0003E338B /* Release */ = {
			isa = XCBuildConfiguration;
			buildSettings = {
				ALWAYS_SEARCH_USER_PATHS = NO;
				CLANG_ANALYZER_NONNULL = YES;
				CLANG_ANALYZER_NUMBER_OBJECT_CONVERSION = YES_AGGRESSIVE;
				CLANG_CXX_LANGUAGE_STANDARD = "gnu++17";
				CLANG_ENABLE_MODULES = YES;
				CLANG_ENABLE_OBJC_ARC = YES;
				CLANG_ENABLE_OBJC_WEAK = YES;
				CLANG_WARN_BLOCK_CAPTURE_AUTORELEASING = YES;
				CLANG_WARN_BOOL_CONVERSION = YES;
				CLANG_WARN_COMMA = YES;
				CLANG_WARN_CONSTANT_CONVERSION = YES;
				CLANG_WARN_DEPRECATED_OBJC_IMPLEMENTATIONS = YES;
				CLANG_WARN_DIRECT_OBJC_ISA_USAGE = YES_ERROR;
				CLANG_WARN_DOCUMENTATION_COMMENTS = YES;
				CLANG_WARN_EMPTY_BODY = YES;
				CLANG_WARN_ENUM_CONVERSION = YES;
				CLANG_WARN_INFINITE_RECURSION = YES;
				CLANG_WARN_INT_CONVERSION = YES;
				CLANG_WARN_NON_LITERAL_NULL_CONVERSION = YES;
				CLANG_WARN_OBJC_IMPLICIT_RETAIN_SELF = YES;
				CLANG_WARN_OBJC_LITERAL_CONVERSION = YES;
				CLANG_WARN_OBJC_ROOT_CLASS = YES_ERROR;
				CLANG_WARN_QUOTED_INCLUDE_IN_FRAMEWORK_HEADER = YES;
				CLANG_WARN_RANGE_LOOP_ANALYSIS = YES;
				CLANG_WARN_STRICT_PROTOTYPES = YES;
				CLANG_WARN_SUSPICIOUS_MOVE = YES;
				CLANG_WARN_UNGUARDED_AVAILABILITY = YES_AGGRESSIVE;
				CLANG_WARN_UNREACHABLE_CODE = YES;
				CLANG_WARN__DUPLICATE_METHOD_MATCH = YES;
				COPY_PHASE_STRIP = NO;
				DEBUG_INFORMATION_FORMAT = "dwarf-with-dsym";
				ENABLE_NS_ASSERTIONS = NO;
				ENABLE_STRICT_OBJC_MSGSEND = YES;
				GCC_C_LANGUAGE_STANDARD = gnu11;
				GCC_NO_COMMON_BLOCKS = YES;
				GCC_WARN_64_TO_32_BIT_CONVERSION = YES;
				GCC_WARN_ABOUT_RETURN_TYPE = YES_ERROR;
				GCC_WARN_UNDECLARED_SELECTOR = YES;
				GCC_WARN_UNINITIALIZED_AUTOS = YES_AGGRESSIVE;
				GCC_WARN_UNUSED_FUNCTION = YES;
				GCC_WARN_UNUSED_VARIABLE = YES;
				MACOSX_DEPLOYMENT_TARGET = 12.3;
				MTL_ENABLE_DEBUG_INFO = NO;
				MTL_FAST_MATH = YES;
				SDKROOT = macosx;
			};
			name = Release;
		};
		2D53D3C528AD3DD0003E338B /* Debug */ = {
			isa = XCBuildConfiguration;
			buildSettings = {
				CODE_SIGN_STYLE = Automatic;
				HEADER_SEARCH_PATHS = "${SRCROOT}/sfml/2.5.1_1/include";
				LIBRARY_SEARCH_PATHS = (
					"$(inherited)",
					"$(PROJECT_DIR)/sfml/2.5.1_1/lib",
				);
				PRODUCT_NAME = "$(TARGET_NAME)";
			};
			name = Debug;
		};
		2D53D3C628AD3DD0003E338B /* Release */ = {
			isa = XCBuildConfiguration;
			buildSettings = {
				CODE_SIGN_STYLE = Automatic;
				HEADER_SEARCH_PATHS = "${SRCROOT}/sfml/2.5.1_1/include";
				LIBRARY_SEARCH_PATHS = (
					"$(inherited)",
					"$(PROJECT_DIR)/sfml/2.5.1_1/lib",
				);
				PRODUCT_NAME = "$(TARGET_NAME)";
			};
			name = Release;
		};
/* End XCBuildConfiguration section */

/* Begin XCConfigurationList section */
		2D53D3B828AD3DD0003E338B /* Build configuration list for PBXProject "A-Star-Pathfinding" */ = {
			isa = XCConfigurationList;
			buildConfigurations = (
				2D53D3C228AD3DD0003E338B /* Debug */,
				2D53D3C328AD3DD0003E338B /* Release */,
			);
			defaultConfigurationIsVisible = 0;
			defaultConfigurationName = Release;
		};
		2D53D3C428AD3DD0003E338B /* Build configuration list for PBXNativeTarget "A-Star-Pathfinding" */ = {
			isa = XCConfigurationList;
			buildConfigurations = (
				2D53D3C528AD3DD0003E338B /* Debug */,
				2D53D3C628AD3DD0003E338B /* Release */,
			);
			defaultConfigurationIsVisible = 0;
			defaultConfigurationName = Release;
		};
/* End XCConfigurationList section */
	};
	rootObject = 2D53D3B528AD3DD0003E338B /* Project object */;
}
